
Microsoft Visual Studio Solution File, Format Version 12.00
# Visual Studio Version 17
VisualStudioVersion = 17.3.32929.385
MinimumVisualStudioVersion = 10.0.40219.1
Project("{9A19103F-16F7-4668-BE54-9A1E7A4F7556}") = "Override_001", "Override_001\Override_001.csproj", "{B41A92EC-C298-44F6-A584-645CBC0F0872}"
EndProject
Project("{FAE04EC0-301F-11D3-BF4B-00C04F79EFBC}") = "polymorphism_001", "polymorphism_001\polymorphism_001.csproj", "{2FA8D0EE-FED0-40BB-BB41-4EAE51658584}"
EndProject
Project("{FAE04EC0-301F-11D3-BF4B-00C04F79EFBC}") = "Accont_check", "Accont_check\Accont_check.csproj", "{BE3E6C6A-6984-495F-911C-36EA83023E79}"
EndProject
Global
	GlobalSection(SolutionConfigurationPlatforms) = preSolution
		Debug|Any CPU = Debug|Any CPU
		Release|Any CPU = Release|Any CPU
	EndGlobalSection
	GlobalSection(ProjectConfigurationPlatforms) = postSolution
		{B41A92EC-C298-44F6-A584-645CBC0F0872}.Debug|Any CPU.ActiveCfg = Debug|Any CPU
		{B41A92EC-C298-44F6-A584-645CBC0F0872}.Debug|Any CPU.Build.0 = Debug|Any CPU
		{B41A92EC-C298-44F6-A584-645CBC0F0872}.Release|Any CPU.ActiveCfg = Release|Any CPU
		{B41A92EC-C298-44F6-A584-645CBC0F0872}.Release|Any CPU.Build.0 = Release|Any CPU
		{2FA8D0EE-FED0-40BB-BB41-4EAE51658584}.Debug|Any CPU.ActiveCfg = Debug|Any CPU
		{2FA8D0EE-FED0-40BB-BB41-4EAE51658584}.Debug|Any CPU.Build.0 = Debug|Any CPU
		{2FA8D0EE-FED0-40BB-BB41-4EAE51658584}.Release|Any CPU.ActiveCfg = Release|Any CPU
		{2FA8D0EE-FED0-40BB-BB41-4EAE51658584}.Release|Any CPU.Build.0 = Release|Any CPU
		{BE3E6C6A-6984-495F-911C-36EA83023E79}.Debug|Any CPU.ActiveCfg = Debug|Any CPU
		{BE3E6C6A-6984-495F-911C-36EA83023E79}.Debug|Any CPU.Build.0 = Debug|Any CPU
		{BE3E6C6A-6984-495F-911C-36EA83023E79}.Release|Any CPU.ActiveCfg = Release|Any CPU
		{BE3E6C6A-6984-495F-911C-36EA83023E79}.Release|Any CPU.Build.0 = Release|Any CPU
	EndGlobalSection
	GlobalSection(SolutionProperties) = preSolution
		HideSolutionNode = FALSE
	EndGlobalSection
	GlobalSection(ExtensibilityGlobals) = postSolution
		SolutionGuid = {EF46F181-15C9-413D-8D63-F3AE6A8621E2}
	EndGlobalSection
EndGlobal
