
Microsoft Visual Studio Solution File, Format Version 12.00
# Visual Studio Version 17
VisualStudioVersion = 17.3.32929.385
MinimumVisualStudioVersion = 10.0.40219.1
Project("{FAE04EC0-301F-11D3-BF4B-00C04F79EFBC}") = "Namespces", "Namespces\Namespces.csproj", "{32A99D06-EE31-4381-901B-2E19EEB13B3D}"
EndProject
Project("{FAE04EC0-301F-11D3-BF4B-00C04F79EFBC}") = "ProjectA.TeamB", "ProjectA.TeamB\ProjectA.TeamB.csproj", "{C456CABE-1181-4A90-A6A9-01CF38053AF0}"
EndProject
Global
	GlobalSection(SolutionConfigurationPlatforms) = preSolution
		Debug|Any CPU = Debug|Any CPU
		Release|Any CPU = Release|Any CPU
	EndGlobalSection
	GlobalSection(ProjectConfigurationPlatforms) = postSolution
		{32A99D06-EE31-4381-901B-2E19EEB13B3D}.Debug|Any CPU.ActiveCfg = Debug|Any CPU
		{32A99D06-EE31-4381-901B-2E19EEB13B3D}.Debug|Any CPU.Build.0 = Debug|Any CPU
		{32A99D06-EE31-4381-901B-2E19EEB13B3D}.Release|Any CPU.ActiveCfg = Release|Any CPU
		{32A99D06-EE31-4381-901B-2E19EEB13B3D}.Release|Any CPU.Build.0 = Release|Any CPU
		{C456CABE-1181-4A90-A6A9-01CF38053AF0}.Debug|Any CPU.ActiveCfg = Debug|Any CPU
		{C456CABE-1181-4A90-A6A9-01CF38053AF0}.Debug|Any CPU.Build.0 = Debug|Any CPU
		{C456CABE-1181-4A90-A6A9-01CF38053AF0}.Release|Any CPU.ActiveCfg = Release|Any CPU
		{C456CABE-1181-4A90-A6A9-01CF38053AF0}.Release|Any CPU.Build.0 = Release|Any CPU
	EndGlobalSection
	GlobalSection(SolutionProperties) = preSolution
		HideSolutionNode = FALSE
	EndGlobalSection
	GlobalSection(ExtensibilityGlobals) = postSolution
		SolutionGuid = {075A1575-8E9D-4C30-9894-4B568FFE3FB6}
	EndGlobalSection
EndGlobal
