
Microsoft Visual Studio Solution File, Format Version 12.00
# Visual Studio Version 17
VisualStudioVersion = 17.3.32929.385
MinimumVisualStudioVersion = 10.0.40219.1
Project("{9A19103F-16F7-4668-BE54-9A1E7A4F7556}") = "Methods_practice", "Methods_practice\Methods_practice.csproj", "{FA38FC5A-0297-4B1E-B0FD-97C70830D1E8}"
EndProject
Project("{FAE04EC0-301F-11D3-BF4B-00C04F79EFBC}") = "method_002", "method_002\method_002.csproj", "{83AD3B17-7195-4C5A-9873-03ACA7AD051E}"
EndProject
Global
	GlobalSection(SolutionConfigurationPlatforms) = preSolution
		Debug|Any CPU = Debug|Any CPU
		Release|Any CPU = Release|Any CPU
	EndGlobalSection
	GlobalSection(ProjectConfigurationPlatforms) = postSolution
		{FA38FC5A-0297-4B1E-B0FD-97C70830D1E8}.Debug|Any CPU.ActiveCfg = Debug|Any CPU
		{FA38FC5A-0297-4B1E-B0FD-97C70830D1E8}.Debug|Any CPU.Build.0 = Debug|Any CPU
		{FA38FC5A-0297-4B1E-B0FD-97C70830D1E8}.Release|Any CPU.ActiveCfg = Release|Any CPU
		{FA38FC5A-0297-4B1E-B0FD-97C70830D1E8}.Release|Any CPU.Build.0 = Release|Any CPU
		{83AD3B17-7195-4C5A-9873-03ACA7AD051E}.Debug|Any CPU.ActiveCfg = Debug|Any CPU
		{83AD3B17-7195-4C5A-9873-03ACA7AD051E}.Debug|Any CPU.Build.0 = Debug|Any CPU
		{83AD3B17-7195-4C5A-9873-03ACA7AD051E}.Release|Any CPU.ActiveCfg = Release|Any CPU
		{83AD3B17-7195-4C5A-9873-03ACA7AD051E}.Release|Any CPU.Build.0 = Release|Any CPU
	EndGlobalSection
	GlobalSection(SolutionProperties) = preSolution
		HideSolutionNode = FALSE
	EndGlobalSection
	GlobalSection(ExtensibilityGlobals) = postSolution
		SolutionGuid = {52C02D0E-AF34-4574-83F6-162447ADA0E0}
	EndGlobalSection
EndGlobal
